
Microsoft Visual Studio Solution File, Format Version 12.00
# Visual Studio Version 17
VisualStudioVersion = 17.6.33723.286
MinimumVisualStudioVersion = 10.0.40219.1
Project("{FAE04EC0-301F-11D3-BF4B-00C04F79EFBC}") = "PersonalTravelPlan_BE", "PersonalTravelPlan_BE\PersonalTravelPlan_BE.csproj", "{0210A143-7452-4FB8-BEB5-C8A7D3950CF4}"
EndProject
Global
	GlobalSection(SolutionConfigurationPlatforms) = preSolution
		Debug|Any CPU = Debug|Any CPU
		Release|Any CPU = Release|Any CPU
	EndGlobalSection
	GlobalSection(ProjectConfigurationPlatforms) = postSolution
		{0210A143-7452-4FB8-BEB5-C8A7D3950CF4}.Debug|Any CPU.ActiveCfg = Debug|Any CPU
		{0210A143-7452-4FB8-BEB5-C8A7D3950CF4}.Debug|Any CPU.Build.0 = Debug|Any CPU
		{0210A143-7452-4FB8-BEB5-C8A7D3950CF4}.Release|Any CPU.ActiveCfg = Release|Any CPU
		{0210A143-7452-4FB8-BEB5-C8A7D3950CF4}.Release|Any CPU.Build.0 = Release|Any CPU
	EndGlobalSection
	GlobalSection(SolutionProperties) = preSolution
		HideSolutionNode = FALSE
	EndGlobalSection
	GlobalSection(ExtensibilityGlobals) = postSolution
		SolutionGuid = {C8D33B38-4B34-4B6C-B337-D3A6C8C0B5B5}
	EndGlobalSection
EndGlobal
